
Microsoft Visual Studio Solution File, Format Version 12.00
# Visual Studio Version 16
VisualStudioVersion = 16.0.809.7
MinimumVisualStudioVersion = 10.0.40219.1
Project("{FAE04EC0-301F-11D3-BF4B-00C04F79EFBC}") = "13_Wyd.App", "13_Wyd.App\13_Wyd.App.csproj", "{0DC72B02-7704-43FB-8733-6228838F5C5E}"
EndProject
Project("{FAE04EC0-301F-11D3-BF4B-00C04F79EFBC}") = "13_Wyd.RestApi", "13_Wyd.RestApi\13_Wyd.RestApi.csproj", "{932E3F5D-3F81-4B92-9356-9DDA2F0B0F85}"
EndProject
Project("{FAE04EC0-301F-11D3-BF4B-00C04F79EFBC}") = "13_Wyd.ModelClasses", "13_Wyd.ModelClasses\13_Wyd.ModelClasses.csproj", "{5836EEAC-DBE5-4816-9124-67E9E121042D}"
EndProject
Project("{FAE04EC0-301F-11D3-BF4B-00C04F79EFBC}") = "13_Wyd.PaymentApi", "13_Wyd.PaymentApi\13_Wyd.PaymentApi.csproj", "{4633F644-74BF-4E5D-A340-90FF23756023}"
EndProject
Project("{2150E333-8FDC-42A3-9474-1A3956D46DE8}") = "RestAPIs", "RestAPIs", "{011F3F77-5ADB-4B20-9396-D88834923037}"
EndProject
Project("{2150E333-8FDC-42A3-9474-1A3956D46DE8}") = "Models", "Models", "{F4A56F13-A616-44CE-8FDD-E94441581FEC}"
EndProject
Project("{2150E333-8FDC-42A3-9474-1A3956D46DE8}") = "App", "App", "{F2C1A372-002B-4906-B024-5D77E2AE37A2}"
EndProject
Project("{2150E333-8FDC-42A3-9474-1A3956D46DE8}") = "Test", "Test", "{5D0F0432-8926-4BE0-920B-E25497AB369E}"
EndProject
Project("{2150E333-8FDC-42A3-9474-1A3956D46DE8}") = "ExternalAPIs", "ExternalAPIs", "{B594B4A1-D765-4221-A01D-6799D8545E3E}"
EndProject
Project("{FAE04EC0-301F-11D3-BF4B-00C04F79EFBC}") = "13_Wyd.Ext.PaypalAPI", "13_Wyd.ExternalAPIs\13_Wyd.Ext.PaypalAPI\13_Wyd.Ext.PaypalAPI.csproj", "{64D699DE-57FF-4B1F-A2FF-A57FDD5E9A77}"
EndProject
Project("{FAE04EC0-301F-11D3-BF4B-00C04F79EFBC}") = "13_Wyd.Ext.TransferAPI", "13_Wyd.ExternalAPIs\13_Wyd.Ext.TransferAPI\13_Wyd.Ext.TransferAPI.csproj", "{17338E6E-D56C-441E-AFF4-E2633EC979BF}"
EndProject
Project("{FAE04EC0-301F-11D3-BF4B-00C04F79EFBC}") = "13_Wyd.Ext.CreditOrDebitCardAPI", "13_Wyd.ExternalAPIs\13_Wyd.Ext.CreditOrDebitCardAPI\13_Wyd.Ext.CreditOrDebitCardAPI.csproj", "{33FC4F4B-F15A-4A28-B4E5-A08F3DACF894}"
EndProject
Project("{FAE04EC0-301F-11D3-BF4B-00C04F79EFBC}") = "TestProject", "Tests\13_Wyd.Tests\TestProject\TestProject.csproj", "{21D5DC77-A4D2-49B2-9C2C-D2A5168410F5}"
EndProject
Global
	GlobalSection(SolutionConfigurationPlatforms) = preSolution
		Debug|Any CPU = Debug|Any CPU
		Release|Any CPU = Release|Any CPU
	EndGlobalSection
	GlobalSection(ProjectConfigurationPlatforms) = postSolution
		{0DC72B02-7704-43FB-8733-6228838F5C5E}.Debug|Any CPU.ActiveCfg = Debug|Any CPU
		{0DC72B02-7704-43FB-8733-6228838F5C5E}.Debug|Any CPU.Build.0 = Debug|Any CPU
		{0DC72B02-7704-43FB-8733-6228838F5C5E}.Release|Any CPU.ActiveCfg = Release|Any CPU
		{0DC72B02-7704-43FB-8733-6228838F5C5E}.Release|Any CPU.Build.0 = Release|Any CPU
		{932E3F5D-3F81-4B92-9356-9DDA2F0B0F85}.Debug|Any CPU.ActiveCfg = Debug|Any CPU
		{932E3F5D-3F81-4B92-9356-9DDA2F0B0F85}.Debug|Any CPU.Build.0 = Debug|Any CPU
		{932E3F5D-3F81-4B92-9356-9DDA2F0B0F85}.Release|Any CPU.ActiveCfg = Release|Any CPU
		{932E3F5D-3F81-4B92-9356-9DDA2F0B0F85}.Release|Any CPU.Build.0 = Release|Any CPU
		{5836EEAC-DBE5-4816-9124-67E9E121042D}.Debug|Any CPU.ActiveCfg = Debug|Any CPU
		{5836EEAC-DBE5-4816-9124-67E9E121042D}.Debug|Any CPU.Build.0 = Debug|Any CPU
		{5836EEAC-DBE5-4816-9124-67E9E121042D}.Release|Any CPU.ActiveCfg = Release|Any CPU
		{5836EEAC-DBE5-4816-9124-67E9E121042D}.Release|Any CPU.Build.0 = Release|Any CPU
		{4633F644-74BF-4E5D-A340-90FF23756023}.Debug|Any CPU.ActiveCfg = Debug|Any CPU
		{4633F644-74BF-4E5D-A340-90FF23756023}.Debug|Any CPU.Build.0 = Debug|Any CPU
		{4633F644-74BF-4E5D-A340-90FF23756023}.Release|Any CPU.ActiveCfg = Release|Any CPU
		{4633F644-74BF-4E5D-A340-90FF23756023}.Release|Any CPU.Build.0 = Release|Any CPU
		{64D699DE-57FF-4B1F-A2FF-A57FDD5E9A77}.Debug|Any CPU.ActiveCfg = Debug|Any CPU
		{64D699DE-57FF-4B1F-A2FF-A57FDD5E9A77}.Debug|Any CPU.Build.0 = Debug|Any CPU
		{64D699DE-57FF-4B1F-A2FF-A57FDD5E9A77}.Release|Any CPU.ActiveCfg = Release|Any CPU
		{64D699DE-57FF-4B1F-A2FF-A57FDD5E9A77}.Release|Any CPU.Build.0 = Release|Any CPU
		{17338E6E-D56C-441E-AFF4-E2633EC979BF}.Debug|Any CPU.ActiveCfg = Debug|Any CPU
		{17338E6E-D56C-441E-AFF4-E2633EC979BF}.Debug|Any CPU.Build.0 = Debug|Any CPU
		{17338E6E-D56C-441E-AFF4-E2633EC979BF}.Release|Any CPU.ActiveCfg = Release|Any CPU
		{17338E6E-D56C-441E-AFF4-E2633EC979BF}.Release|Any CPU.Build.0 = Release|Any CPU
		{33FC4F4B-F15A-4A28-B4E5-A08F3DACF894}.Debug|Any CPU.ActiveCfg = Debug|Any CPU
		{33FC4F4B-F15A-4A28-B4E5-A08F3DACF894}.Debug|Any CPU.Build.0 = Debug|Any CPU
		{33FC4F4B-F15A-4A28-B4E5-A08F3DACF894}.Release|Any CPU.ActiveCfg = Release|Any CPU
		{33FC4F4B-F15A-4A28-B4E5-A08F3DACF894}.Release|Any CPU.Build.0 = Release|Any CPU
		{21D5DC77-A4D2-49B2-9C2C-D2A5168410F5}.Debug|Any CPU.ActiveCfg = Debug|Any CPU
		{21D5DC77-A4D2-49B2-9C2C-D2A5168410F5}.Debug|Any CPU.Build.0 = Debug|Any CPU
		{21D5DC77-A4D2-49B2-9C2C-D2A5168410F5}.Release|Any CPU.ActiveCfg = Release|Any CPU
		{21D5DC77-A4D2-49B2-9C2C-D2A5168410F5}.Release|Any CPU.Build.0 = Release|Any CPU
	EndGlobalSection
	GlobalSection(SolutionProperties) = preSolution
		HideSolutionNode = FALSE
	EndGlobalSection
	GlobalSection(ExtensibilityGlobals) = postSolution
		SolutionGuid = {8E149506-2EE1-499D-A315-A5A484E5DFD1}
	EndGlobalSection
	GlobalSection(NestedProjects) = preSolution
		{4633F644-74BF-4E5D-A340-90FF23756023} = {011F3F77-5ADB-4B20-9396-D88834923037}
		{932E3F5D-3F81-4B92-9356-9DDA2F0B0F85} = {011F3F77-5ADB-4B20-9396-D88834923037}
		{5836EEAC-DBE5-4816-9124-67E9E121042D} = {F4A56F13-A616-44CE-8FDD-E94441581FEC}
		{0DC72B02-7704-43FB-8733-6228838F5C5E} = {F2C1A372-002B-4906-B024-5D77E2AE37A2}
		{64D699DE-57FF-4B1F-A2FF-A57FDD5E9A77} = {B594B4A1-D765-4221-A01D-6799D8545E3E}
		{17338E6E-D56C-441E-AFF4-E2633EC979BF} = {B594B4A1-D765-4221-A01D-6799D8545E3E}
		{33FC4F4B-F15A-4A28-B4E5-A08F3DACF894} = {B594B4A1-D765-4221-A01D-6799D8545E3E}
		{21D5DC77-A4D2-49B2-9C2C-D2A5168410F5} = {5D0F0432-8926-4BE0-920B-E25497AB369E}
	EndGlobalSection
EndGlobal
